
Microsoft Visual Studio Solution File, Format Version 12.00
# Visual Studio Version 16
VisualStudioVersion = 25.0.1706.6
MinimumVisualStudioVersion = 10.0.40219.1
Project("{FAE04EC0-301F-11D3-BF4B-00C04F79EFBC}") = "day-1", "day-1\day-1.csproj", "{D09F2374-8C25-4405-BC5F-6502B1036015}"
EndProject
Project("{FAE04EC0-301F-11D3-BF4B-00C04F79EFBC}") = "day-2", "day-2\day-2.csproj", "{6F7F1712-1EBF-40BC-9A11-899A9DCC3256}"
EndProject
Project("{FAE04EC0-301F-11D3-BF4B-00C04F79EFBC}") = "day-3", "day-3\day-3.csproj", "{EEDB0F5C-2D16-490C-837C-05D043F63405}"
EndProject
Project("{FAE04EC0-301F-11D3-BF4B-00C04F79EFBC}") = "day-4", "day-4\day-4.csproj", "{2F8734EE-9776-4ECD-B6E7-AEAE7282A604}"
EndProject
Global
	GlobalSection(SolutionConfigurationPlatforms) = preSolution
		Debug|Any CPU = Debug|Any CPU
		Release|Any CPU = Release|Any CPU
	EndGlobalSection
	GlobalSection(ProjectConfigurationPlatforms) = postSolution
		{D09F2374-8C25-4405-BC5F-6502B1036015}.Debug|Any CPU.ActiveCfg = Debug|Any CPU
		{D09F2374-8C25-4405-BC5F-6502B1036015}.Debug|Any CPU.Build.0 = Debug|Any CPU
		{D09F2374-8C25-4405-BC5F-6502B1036015}.Release|Any CPU.ActiveCfg = Release|Any CPU
		{D09F2374-8C25-4405-BC5F-6502B1036015}.Release|Any CPU.Build.0 = Release|Any CPU
		{6F7F1712-1EBF-40BC-9A11-899A9DCC3256}.Debug|Any CPU.ActiveCfg = Debug|Any CPU
		{6F7F1712-1EBF-40BC-9A11-899A9DCC3256}.Debug|Any CPU.Build.0 = Debug|Any CPU
		{6F7F1712-1EBF-40BC-9A11-899A9DCC3256}.Release|Any CPU.ActiveCfg = Release|Any CPU
		{6F7F1712-1EBF-40BC-9A11-899A9DCC3256}.Release|Any CPU.Build.0 = Release|Any CPU
		{EEDB0F5C-2D16-490C-837C-05D043F63405}.Debug|Any CPU.ActiveCfg = Debug|Any CPU
		{EEDB0F5C-2D16-490C-837C-05D043F63405}.Debug|Any CPU.Build.0 = Debug|Any CPU
		{EEDB0F5C-2D16-490C-837C-05D043F63405}.Release|Any CPU.ActiveCfg = Release|Any CPU
		{EEDB0F5C-2D16-490C-837C-05D043F63405}.Release|Any CPU.Build.0 = Release|Any CPU
		{2F8734EE-9776-4ECD-B6E7-AEAE7282A604}.Debug|Any CPU.ActiveCfg = Debug|Any CPU
		{2F8734EE-9776-4ECD-B6E7-AEAE7282A604}.Debug|Any CPU.Build.0 = Debug|Any CPU
		{2F8734EE-9776-4ECD-B6E7-AEAE7282A604}.Release|Any CPU.ActiveCfg = Release|Any CPU
		{2F8734EE-9776-4ECD-B6E7-AEAE7282A604}.Release|Any CPU.Build.0 = Release|Any CPU
	EndGlobalSection
	GlobalSection(SolutionProperties) = preSolution
		HideSolutionNode = FALSE
	EndGlobalSection
	GlobalSection(ExtensibilityGlobals) = postSolution
		SolutionGuid = {56A20E4E-77BF-43CC-A16A-57A157842E0F}
	EndGlobalSection
EndGlobal
